
Microsoft Visual Studio Solution File, Format Version 12.00
# Visual Studio 15
VisualStudioVersion = 15.0.27703.1
MinimumVisualStudioVersion = 10.0.40219.1
Project("{FAE04EC0-301F-11D3-BF4B-00C04F79EFBC}") = "ConsoleApp1", "ConsoleApp1\ConsoleApp1.csproj", "{564F47CB-328A-4C39-AB95-76BB172FD3D3}"
EndProject
Project("{FAE04EC0-301F-11D3-BF4B-00C04F79EFBC}") = "ClassLibrary", "ClassLibrary1\ClassLibrary.csproj", "{F926425E-7E86-43F5-969A-359AAF1DCEF6}"
EndProject
Project("{FAE04EC0-301F-11D3-BF4B-00C04F79EFBC}") = "ClassLibraryTests", "ClassLibraryTests\ClassLibraryTests.csproj", "{6C7AB99F-6985-4B0F-ACD2-D7F1850FA105}"
EndProject
Global
	GlobalSection(SolutionConfigurationPlatforms) = preSolution
		Debug|Any CPU = Debug|Any CPU
		Release|Any CPU = Release|Any CPU
	EndGlobalSection
	GlobalSection(ProjectConfigurationPlatforms) = postSolution
		{564F47CB-328A-4C39-AB95-76BB172FD3D3}.Debug|Any CPU.ActiveCfg = Debug|Any CPU
		{564F47CB-328A-4C39-AB95-76BB172FD3D3}.Debug|Any CPU.Build.0 = Debug|Any CPU
		{564F47CB-328A-4C39-AB95-76BB172FD3D3}.Release|Any CPU.ActiveCfg = Release|Any CPU
		{564F47CB-328A-4C39-AB95-76BB172FD3D3}.Release|Any CPU.Build.0 = Release|Any CPU
		{F926425E-7E86-43F5-969A-359AAF1DCEF6}.Debug|Any CPU.ActiveCfg = Debug|Any CPU
		{F926425E-7E86-43F5-969A-359AAF1DCEF6}.Debug|Any CPU.Build.0 = Debug|Any CPU
		{F926425E-7E86-43F5-969A-359AAF1DCEF6}.Release|Any CPU.ActiveCfg = Release|Any CPU
		{F926425E-7E86-43F5-969A-359AAF1DCEF6}.Release|Any CPU.Build.0 = Release|Any CPU
		{6C7AB99F-6985-4B0F-ACD2-D7F1850FA105}.Debug|Any CPU.ActiveCfg = Debug|Any CPU
		{6C7AB99F-6985-4B0F-ACD2-D7F1850FA105}.Debug|Any CPU.Build.0 = Debug|Any CPU
		{6C7AB99F-6985-4B0F-ACD2-D7F1850FA105}.Release|Any CPU.ActiveCfg = Release|Any CPU
		{6C7AB99F-6985-4B0F-ACD2-D7F1850FA105}.Release|Any CPU.Build.0 = Release|Any CPU
	EndGlobalSection
	GlobalSection(SolutionProperties) = preSolution
		HideSolutionNode = FALSE
	EndGlobalSection
	GlobalSection(ExtensibilityGlobals) = postSolution
		SolutionGuid = {536D6341-2E02-490A-8FE0-3BBDDEA24341}
	EndGlobalSection
EndGlobal
